
Microsoft Visual Studio Solution File, Format Version 12.00
# Visual Studio Version 17
VisualStudioVersion = 17.0.31903.59
MinimumVisualStudioVersion = 10.0.40219.1
Project("{9A19103F-16F7-4668-BE54-9A1E7A4F7556}") = "KristofferStrube.DocumentSearching.BlazorWasm", "samples\KristofferStrube.DocumentSearching.BlazorWasm\KristofferStrube.DocumentSearching.BlazorWasm.csproj", "{0859633B-7399-4A94-A38A-F88F78A5948D}"
EndProject
Project("{9A19103F-16F7-4668-BE54-9A1E7A4F7556}") = "KristofferStrube.DocumentSearching.Tests", "tests\KristofferStrube.DocumentSearching.Tests\KristofferStrube.DocumentSearching.Tests.csproj", "{E5E69F9A-DE0E-4199-BC39-EF97A6D34BA7}"
EndProject
Project("{9A19103F-16F7-4668-BE54-9A1E7A4F7556}") = "KristofferStrube.DocumentSearching", "src\KristofferStrube.DocumentSearching\KristofferStrube.DocumentSearching.csproj", "{4707D709-7858-40C5-B392-40E6B1D1CE2A}"
EndProject
Project("{2150E333-8FDC-42A3-9474-1A3956D46DE8}") = "src", "src", "{A52215FB-DCCE-4952-BB28-79F8C571F3AF}"
EndProject
Project("{2150E333-8FDC-42A3-9474-1A3956D46DE8}") = "tests", "tests", "{96882AF7-39E6-4B3B-85EF-1496A54D2C60}"
EndProject
Project("{2150E333-8FDC-42A3-9474-1A3956D46DE8}") = "samples", "samples", "{E7D66A59-3E48-43E9-AE35-B445C6983B3E}"
EndProject
Project("{2150E333-8FDC-42A3-9474-1A3956D46DE8}") = "Solution Items", "Solution Items", "{31C66813-CF51-42F8-9A0A-796C91A49C59}"
	ProjectSection(SolutionItems) = preProject
		.editorconfig = .editorconfig
	EndProjectSection
EndProject
Project("{9A19103F-16F7-4668-BE54-9A1E7A4F7556}") = "KristofferStrube.DocumentSearching.BlazorWasm5", "samples\KristofferStrube.DocumentSearching.BlazorWasm5\KristofferStrube.DocumentSearching.BlazorWasm5.csproj", "{E8397131-637E-4D31-BA34-4BB71887D55B}"
EndProject
Global
	GlobalSection(SolutionConfigurationPlatforms) = preSolution
		Debug|Any CPU = Debug|Any CPU
		Release|Any CPU = Release|Any CPU
	EndGlobalSection
	GlobalSection(ProjectConfigurationPlatforms) = postSolution
		{0859633B-7399-4A94-A38A-F88F78A5948D}.Debug|Any CPU.ActiveCfg = Debug|Any CPU
		{0859633B-7399-4A94-A38A-F88F78A5948D}.Debug|Any CPU.Build.0 = Debug|Any CPU
		{0859633B-7399-4A94-A38A-F88F78A5948D}.Release|Any CPU.ActiveCfg = Release|Any CPU
		{0859633B-7399-4A94-A38A-F88F78A5948D}.Release|Any CPU.Build.0 = Release|Any CPU
		{E5E69F9A-DE0E-4199-BC39-EF97A6D34BA7}.Debug|Any CPU.ActiveCfg = Debug|Any CPU
		{E5E69F9A-DE0E-4199-BC39-EF97A6D34BA7}.Debug|Any CPU.Build.0 = Debug|Any CPU
		{E5E69F9A-DE0E-4199-BC39-EF97A6D34BA7}.Release|Any CPU.ActiveCfg = Release|Any CPU
		{E5E69F9A-DE0E-4199-BC39-EF97A6D34BA7}.Release|Any CPU.Build.0 = Release|Any CPU
		{4707D709-7858-40C5-B392-40E6B1D1CE2A}.Debug|Any CPU.ActiveCfg = Debug|Any CPU
		{4707D709-7858-40C5-B392-40E6B1D1CE2A}.Debug|Any CPU.Build.0 = Debug|Any CPU
		{4707D709-7858-40C5-B392-40E6B1D1CE2A}.Release|Any CPU.ActiveCfg = Release|Any CPU
		{4707D709-7858-40C5-B392-40E6B1D1CE2A}.Release|Any CPU.Build.0 = Release|Any CPU
		{E8397131-637E-4D31-BA34-4BB71887D55B}.Debug|Any CPU.ActiveCfg = Debug|Any CPU
		{E8397131-637E-4D31-BA34-4BB71887D55B}.Debug|Any CPU.Build.0 = Debug|Any CPU
		{E8397131-637E-4D31-BA34-4BB71887D55B}.Release|Any CPU.ActiveCfg = Release|Any CPU
		{E8397131-637E-4D31-BA34-4BB71887D55B}.Release|Any CPU.Build.0 = Release|Any CPU
	EndGlobalSection
	GlobalSection(SolutionProperties) = preSolution
		HideSolutionNode = FALSE
	EndGlobalSection
	GlobalSection(NestedProjects) = preSolution
		{0859633B-7399-4A94-A38A-F88F78A5948D} = {E7D66A59-3E48-43E9-AE35-B445C6983B3E}
		{E5E69F9A-DE0E-4199-BC39-EF97A6D34BA7} = {96882AF7-39E6-4B3B-85EF-1496A54D2C60}
		{4707D709-7858-40C5-B392-40E6B1D1CE2A} = {A52215FB-DCCE-4952-BB28-79F8C571F3AF}
		{E8397131-637E-4D31-BA34-4BB71887D55B} = {E7D66A59-3E48-43E9-AE35-B445C6983B3E}
	EndGlobalSection
	GlobalSection(ExtensibilityGlobals) = postSolution
		SolutionGuid = {66FE9835-6FB7-478E-A65E-B80445950C13}
	EndGlobalSection
EndGlobal
